
Microsoft Visual Studio Solution File, Format Version 12.00
# Visual Studio 15
Project("{FAE04EC0-301F-11D3-BF4B-00C04F79EFBC}") = "Assembly-CSharp", "Assembly-CSharp.csproj", "{DAAEE875-8A57-EA63-2250-D3212A93D502}"
EndProject
Project("{FAE04EC0-301F-11D3-BF4B-00C04F79EFBC}") = "Unity.AssetBundleBrowser.Editor", "Unity.AssetBundleBrowser.Editor.csproj", "{979C4C6F-AF75-E71F-5F6E-F3C097CF3F70}"
EndProject
Project("{FAE04EC0-301F-11D3-BF4B-00C04F79EFBC}") = "Assembly-CSharp-Editor", "Assembly-CSharp-Editor.csproj", "{D2D151D5-CFA9-7AA6-1D6D-458547CAF497}"
EndProject
Global
	GlobalSection(SolutionConfigurationPlatforms) = preSolution
		Debug|Any CPU = Debug|Any CPU
		Release|Any CPU = Release|Any CPU
	EndGlobalSection
	GlobalSection(ProjectConfigurationPlatforms) = postSolution
		{DAAEE875-8A57-EA63-2250-D3212A93D502}.Debug|Any CPU.ActiveCfg = Debug|Any CPU
		{DAAEE875-8A57-EA63-2250-D3212A93D502}.Debug|Any CPU.Build.0 = Debug|Any CPU
		{DAAEE875-8A57-EA63-2250-D3212A93D502}.Release|Any CPU.ActiveCfg = Release|Any CPU
		{DAAEE875-8A57-EA63-2250-D3212A93D502}.Release|Any CPU.Build.0 = Release|Any CPU
		{979C4C6F-AF75-E71F-5F6E-F3C097CF3F70}.Debug|Any CPU.ActiveCfg = Debug|Any CPU
		{979C4C6F-AF75-E71F-5F6E-F3C097CF3F70}.Debug|Any CPU.Build.0 = Debug|Any CPU
		{979C4C6F-AF75-E71F-5F6E-F3C097CF3F70}.Release|Any CPU.ActiveCfg = Release|Any CPU
		{979C4C6F-AF75-E71F-5F6E-F3C097CF3F70}.Release|Any CPU.Build.0 = Release|Any CPU
		{D2D151D5-CFA9-7AA6-1D6D-458547CAF497}.Debug|Any CPU.ActiveCfg = Debug|Any CPU
		{D2D151D5-CFA9-7AA6-1D6D-458547CAF497}.Debug|Any CPU.Build.0 = Debug|Any CPU
		{D2D151D5-CFA9-7AA6-1D6D-458547CAF497}.Release|Any CPU.ActiveCfg = Release|Any CPU
		{D2D151D5-CFA9-7AA6-1D6D-458547CAF497}.Release|Any CPU.Build.0 = Release|Any CPU
	EndGlobalSection
	GlobalSection(SolutionProperties) = preSolution
		HideSolutionNode = FALSE
	EndGlobalSection
EndGlobal
